[
  {
    "path": "src/application/qgrid/qgrid.frame.ts",
    "checksum": "ab7a7fbe65d47a2131ff83ff767ab43ef58ed5e8"
  },
  {
    "path": "src/application/qgrid/qgrid.types.ts",
    "checksum": "fb812698a2f1eb7218a07ad7346aa88892550d3d"
  },
  {
    "path": "src/application/request-log/request-log.entity.json",
    "checksum": "def043d1ec353cb5ad4e2d85d5904b0ed29ffd85"
  },
  {
    "path": "src/application/request-log/request-log.model.ts",
    "checksum": "f4886581510a849af65c6fb3b68bec58a2d9b503"
  },
  {
    "path": "src/application/request-log/request-log.types.ts",
    "checksum": "d94a4e3107c5a41dfcad018d204fbec4f3905fa5"
  },
  {
    "path": "src/application/sonamu.generated.ts",
    "checksum": "0a577dfc8788b580577530d7acee11caf5b05d80"
  },
  {
    "path": "src/application/token/token.entity.json",
    "checksum": "f8a982fb95d0ba171489b48ae63a796050ea7a86"
  },
  {
    "path": "src/application/token/token.model.ts",
    "checksum": "e2afd50df1330a8734b94c54a8ed8ad67dc9dfe6"
  },
  {
    "path": "src/application/token/token.types.ts",
    "checksum": "6747c9113fdc7deebcced9527f16c778ab8cc7f4"
  },
  {
    "path": "src/i18n/en.ts",
    "checksum": "c7186e9419c6faf1f6190989d23ab2fed37cd4fd"
  },
  {
    "path": "src/i18n/ko.ts",
    "checksum": "7b87d1068a03b994946867f9e16b7281eaad8685"
  },
  {
    "path": "src/i18n/sd.generated.ts",
    "checksum": "5de8f791b7845709e71bc56f447e8d8a251a58c1"
  },
  {
    "path": "src/sonamu.config.ts",
    "checksum": "d422b97f969811226a76da5eeefec6c977a1c73f"
  }
]