[
  {
    "path": "api/src/application/monit/monit.frame.ts",
    "checksum": "88e09554fe0b349ce7af8c78e64f8a79757c5b34"
  },
  {
    "path": "api/src/application/monit/monit.types.ts",
    "checksum": "b0a21cecd4effd561d9411c55d9767f09236c6d7"
  },
  {
    "path": "api/src/application/qgrid/qgrid.frame.ts",
    "checksum": "0d93b1a0f86c3a7baa9219071d18831aa801cabc"
  },
  {
    "path": "api/src/application/qgrid/qgrid.types.ts",
    "checksum": "c43e49edc4de8c66b149f6ea0bc963d0379423f7"
  },
  {
    "path": "api/src/application/queries.generated.ts",
    "checksum": "cc2369f488b212af038c1c9b27fe5a5652173a09"
  },
  {
    "path": "api/src/application/request-log-step/request-log-step.entity.json",
    "checksum": "b8e24ebf341f6dc560a117a109b2410ca345f8d1"
  },
  {
    "path": "api/src/application/request-log-step/request-log-step.model.ts",
    "checksum": "8d567353f24aa8c3f974d9db5534d7076be97450"
  },
  {
    "path": "api/src/application/request-log-step/request-log-step.types.ts",
    "checksum": "ff2035e85535b4a2d8d425f476c072d12325b198"
  },
  {
    "path": "api/src/application/request-log/request-log.entity.json",
    "checksum": "b79a8ea3d63a458bda50111115fb493544e043c8"
  },
  {
    "path": "api/src/application/request-log/request-log.model.ts",
    "checksum": "accbb34f4325fd90ffcdf79eb9fb5493419b5268"
  },
  {
    "path": "api/src/application/request-log/request-log.types.ts",
    "checksum": "e777be5e479462835018917db11e3f8f55899bc2"
  },
  {
    "path": "api/src/application/setting/setting.entity.json",
    "checksum": "d7dea4137e10271f53b777676ec718ef55af5492"
  },
  {
    "path": "api/src/application/setting/setting.model.ts",
    "checksum": "1ae0f92929907c81bfb37c83251e76f2bfb4268c"
  },
  {
    "path": "api/src/application/setting/setting.types.ts",
    "checksum": "25173aedb7e9fdca477c923eda187a6ca127253c"
  },
  {
    "path": "api/src/application/sonamu.generated.http",
    "checksum": "08fdd683afa9292619efa392a63cbf604c3cf57a"
  },
  {
    "path": "api/src/application/sonamu.generated.sso.ts",
    "checksum": "b91b4cca6a950d8a91be84ba27bf506ccd61e3c7"
  },
  {
    "path": "api/src/application/sonamu.generated.ts",
    "checksum": "2173c7a475c7ce7aeb7285e7251634221d5aec7e"
  },
  {
    "path": "api/src/application/token/token.entity.json",
    "checksum": "ca79e054a88f4837f070c7e5801512235e0734f6"
  },
  {
    "path": "api/src/application/token/token.model.ts",
    "checksum": "59cd12bd8ed17a7730a60fcfa75c79cc524e7363"
  },
  {
    "path": "api/src/application/token/token.types.ts",
    "checksum": "5f894624850834de5562ea5f62735cfdc692403a"
  },
  {
    "path": "api/src/i18n/en.ts",
    "checksum": "63142328c731cbc6518afd490208a1f3a61b6670"
  },
  {
    "path": "api/src/i18n/ko.ts",
    "checksum": "a498148bd97c7fa8ca6ea12e764d0f4607d35b12"
  },
  {
    "path": "api/src/i18n/sd.generated.ts",
    "checksum": "236ab4877951c9d276ac6ef69a4e937425ab49a9"
  },
  {
    "path": "api/src/sonamu.config.ts",
    "checksum": "62259e827b0d5846e2e257bc351e0858005c34fd"
  },
  {
    "path": "web/src/i18n/en.ts",
    "checksum": "ca853bf4660e45b5089e40a158d845acd91c20df"
  },
  {
    "path": "web/src/i18n/ko.ts",
    "checksum": "80b0acbd1836bce071631d2a010c7fc4660ab49a"
  },
  {
    "path": "web/src/i18n/sd.generated.ts",
    "checksum": "701cea6c9903b0a04ae1c41b45aef8e3a53ca636"
  },
  {
    "path": "web/src/services/monit/monit.types.ts",
    "checksum": "0e3824dd68f9aa0187087ed6df791ae97858ca70"
  },
  {
    "path": "web/src/services/qgrid/qgrid.types.ts",
    "checksum": "c07c7af6a0612c444c7e94da5ded95775b3c96ab"
  },
  {
    "path": "web/src/services/request-log-step/request-log-step.types.ts",
    "checksum": "b909de948f64f846ef9e311b460c480d3dee4479"
  },
  {
    "path": "web/src/services/request-log/request-log.types.ts",
    "checksum": "a8084194dadbf589fc339bc14b44bb21e68a2954"
  },
  {
    "path": "web/src/services/services.generated.ts",
    "checksum": "694bd050e2905ddbfbe0d59069f877d47f531139"
  },
  {
    "path": "web/src/services/setting/setting.types.ts",
    "checksum": "703ba3e2b095d32f6191bd5e61f68fa80707117f"
  },
  {
    "path": "web/src/services/sonamu.generated.ts",
    "checksum": "86ccff527b0f3eb4ae22ba7759bd11893b54d41d"
  },
  {
    "path": "web/src/services/token/token.types.ts",
    "checksum": "9bf9c2f7f870f9352c7370396c6bdd00f7a0bdd3"
  }
]